Microsoft Visual Studio Solution File, Format Version 12.00
# Visual Studio Version 17
VisualStudioVersion = 17.5.2.0
MinimumVisualStudioVersion = 10.0.40219.1
Project("{FAE04EC0-301F-11D3-BF4B-00C04F79EFBC}") = "pTestWebApp", "pTestWebApp.csproj", "{FB04A948-7049-0511-6F92-39F6639607AC}"
EndProject
Global
	GlobalSection(SolutionConfigurationPlatforms) = preSolution
		Debug|Any CPU = Debug|Any CPU
		Release|Any CPU = Release|Any CPU
	EndGlobalSection
	GlobalSection(ProjectConfigurationPlatforms) = postSolution
		{FB04A948-7049-0511-6F92-39F6639607AC}.Debug|Any CPU.ActiveCfg = Debug|Any CPU
		{FB04A948-7049-0511-6F92-39F6639607AC}.Debug|Any CPU.Build.0 = Debug|Any CPU
		{FB04A948-7049-0511-6F92-39F6639607AC}.Release|Any CPU.ActiveCfg = Release|Any CPU
		{FB04A948-7049-0511-6F92-39F6639607AC}.Release|Any CPU.Build.0 = Release|Any CPU
	EndGlobalSection
	GlobalSection(SolutionProperties) = preSolution
		HideSolutionNode = FALSE
	EndGlobalSection
	GlobalSection(ExtensibilityGlobals) = postSolution
		SolutionGuid = {D973B2D3-192E-4C01-90D9-A862D23871C7}
	EndGlobalSection
EndGlobal
